// !$*UTF8*$!
{
	archiveVersion = 1;
	classes = {
	};
	objectVersion = 50;
	objects = {

/* Begin PBXBuildFile section */
		9A6C2B1425AECF5300D8FDCA /* AppDelegate.swift in Sources */ = {isa = PBXBuildFile; fileRef = 9A6C2B1325AECF5300D8FDCA /* AppDelegate.swift */; };
		9A6C2B1625AECF5300D8FDCA /* SceneDelegate.swift in Sources */ = {isa = PBXBuildFile; fileRef = 9A6C2B1525AECF5300D8FDCA /* SceneDelegate.swift */; };
		9A6C2B1825AECF5300D8FDCA /* ViewController.swift in Sources */ = {isa = PBXBuildFile; fileRef = 9A6C2B1725AECF5300D8FDCA /* ViewController.swift */; };
		9A6C2B1B25AECF5300D8FDCA /* Main.storyboard in Resources */ = {isa = PBXBuildFile; fileRef = 9A6C2B1925AECF5300D8FDCA /* Main.storyboard */; };
		9A6C2B1D25AECF5600D8FDCA /* Assets.xcassets in Resources */ = {isa = PBXBuildFile; fileRef = 9A6C2B1C25AECF5600D8FDCA /* Assets.xcassets */; };
		9A6C2B2025AECF5600D8FDCA /* LaunchScreen.storyboard in Resources */ = {isa = PBXBuildFile; fileRef = 9A6C2B1E25AECF5600D8FDCA /* LaunchScreen.storyboard */; };
/* End PBXBuildFile section */

/* Begin PBXFileReference section */
		9A6C2B1025AECF5200D8FDCA /* LeetCode石子游戏 VI.app */ = {isa = PBXFileReference; explicitFileType = wrapper.application; includeInIndex = 0; path = "LeetCode石子游戏 VI.app"; sourceTree = BUILT_PRODUCTS_DIR; };
		9A6C2B1325AECF5300D8FDCA /* AppDelegate.swift */ = {isa = PBXFileReference; lastKnownFileType = sourcecode.swift; path = AppDelegate.swift; sourceTree = "<group>"; };
		9A6C2B1525AECF5300D8FDCA /* SceneDelegate.swift */ = {isa = PBXFileReference; lastKnownFileType = sourcecode.swift; path = SceneDelegate.swift; sourceTree = "<group>"; };
		9A6C2B1725AECF5300D8FDCA /* ViewController.swift */ = {isa = PBXFileReference; lastKnownFileType = sourcecode.swift; path = ViewController.swift; sourceTree = "<group>"; };
		9A6C2B1A25AECF5300D8FDCA /* Base */ = {isa = PBXFileReference; lastKnownFileType = file.storyboard; name = Base; path = Base.lproj/Main.storyboard; sourceTree = "<group>"; };
		9A6C2B1C25AECF5600D8FDCA /* Assets.xcassets */ = {isa = PBXFileReference; lastKnownFileType = folder.assetcatalog; path = Assets.xcassets; sourceTree = "<group>"; };
		9A6C2B1F25AECF5600D8FDCA /* Base */ = {isa = PBXFileReference; lastKnownFileType = file.storyboard; name = Base; path = Base.lproj/LaunchScreen.storyboard; sourceTree = "<group>"; };
		9A6C2B2125AECF5600D8FDCA /* Info.plist */ = {isa = PBXFileReference; lastKnownFileType = text.plist.xml; path = Info.plist; sourceTree = "<group>"; };
/* End PBXFileReference section */

/* Begin PBXFrameworksBuildPhase section */
		9A6C2B0D25AECF5200D8FDCA /* Frameworks */ = {
			isa = PBXFrameworksBuildPhase;
			buildActionMask = 2147483647;
			files = (
			);
			runOnlyForDeploymentPostprocessing = 0;
		};
/* End PBXFrameworksBuildPhase section */

/* Begin PBXGroup section */
		9A6C2B0725AECF5200D8FDCA = {
			isa = PBXGroup;
			children = (
				9A6C2B1225AECF5200D8FDCA /* LeetCode石子游戏 VI */,
				9A6C2B1125AECF5200D8FDCA /* Products */,
			);
			sourceTree = "<group>";
		};
		9A6C2B1125AECF5200D8FDCA /* Products */ = {
			isa = PBXGroup;
			children = (
				9A6C2B1025AECF5200D8FDCA /* LeetCode石子游戏 VI.app */,
			);
			name = Products;
			sourceTree = "<group>";
		};
		9A6C2B1225AECF5200D8FDCA /* LeetCode石子游戏 VI */ = {
			isa = PBXGroup;
			children = (
				9A6C2B1325AECF5300D8FDCA /* AppDelegate.swift */,
				9A6C2B1525AECF5300D8FDCA /* SceneDelegate.swift */,
				9A6C2B1725AECF5300D8FDCA /* ViewController.swift */,
				9A6C2B1925AECF5300D8FDCA /* Main.storyboard */,
				9A6C2B1C25AECF5600D8FDCA /* Assets.xcassets */,
				9A6C2B1E25AECF5600D8FDCA /* LaunchScreen.storyboard */,
				9A6C2B2125AECF5600D8FDCA /* Info.plist */,
			);
			path = "LeetCode石子游戏 VI";
			sourceTree = "<group>";
		};
/* End PBXGroup section */

/* Begin PBXNativeTarget section */
		9A6C2B0F25AECF5200D8FDCA /* LeetCode石子游戏 VI */ = {
			isa = PBXNativeTarget;
			buildConfigurationList = 9A6C2B2425AECF5600D8FDCA /* Build configuration list for PBXNativeTarget "LeetCode石子游戏 VI" */;
			buildPhases = (
				9A6C2B0C25AECF5200D8FDCA /* Sources */,
				9A6C2B0D25AECF5200D8FDCA /* Frameworks */,
				9A6C2B0E25AECF5200D8FDCA /* Resources */,
			);
			buildRules = (
			);
			dependencies = (
			);
			name = "LeetCode石子游戏 VI";
			productName = "LeetCode石子游戏 VI";
			productReference = 9A6C2B1025AECF5200D8FDCA /* LeetCode石子游戏 VI.app */;
			productType = "com.apple.product-type.application";
		};
/* End PBXNativeTarget section */

/* Begin PBXProject section */
		9A6C2B0825AECF5200D8FDCA /* Project object */ = {
			isa = PBXProject;
			attributes = {
				LastSwiftUpdateCheck = 1230;
				LastUpgradeCheck = 1230;
				TargetAttributes = {
					9A6C2B0F25AECF5200D8FDCA = {
						CreatedOnToolsVersion = 12.3;
					};
				};
			};
			buildConfigurationList = 9A6C2B0B25AECF5200D8FDCA /* Build configuration list for PBXProject "LeetCode石子游戏 VI" */;
			compatibilityVersion = "Xcode 9.3";
			developmentRegion = en;
			hasScannedForEncodings = 0;
			knownRegions = (
				en,
				Base,
			);
			mainGroup = 9A6C2B0725AECF5200D8FDCA;
			productRefGroup = 9A6C2B1125AECF5200D8FDCA /* Products */;
			projectDirPath = "";
			projectRoot = "";
			targets = (
				9A6C2B0F25AECF5200D8FDCA /* LeetCode石子游戏 VI */,
			);
		};
/* End PBXProject section */

/* Begin PBXResourcesBuildPhase section */
		9A6C2B0E25AECF5200D8FDCA /* Resources */ = {
			isa = PBXResourcesBuildPhase;
			buildActionMask = 2147483647;
			files = (
				9A6C2B2025AECF5600D8FDCA /* LaunchScreen.storyboard in Resources */,
				9A6C2B1D25AECF5600D8FDCA /* Assets.xcassets in Resources */,
				9A6C2B1B25AECF5300D8FDCA /* Main.storyboard in Resources */,
			);
			runOnlyForDeploymentPostprocessing = 0;
		};
/* End PBXResourcesBuildPhase section */

/* Begin PBXSourcesBuildPhase section */
		9A6C2B0C25AECF5200D8FDCA /* Sources */ = {
			isa = PBXSourcesBuildPhase;
			buildActionMask = 2147483647;
			files = (
				9A6C2B1825AECF5300D8FDCA /* ViewController.swift in Sources */,
				9A6C2B1425AECF5300D8FDCA /* AppDelegate.swift in Sources */,
				9A6C2B1625AECF5300D8FDCA /* SceneDelegate.swift in Sources */,
			);
			runOnlyForDeploymentPostprocessing = 0;
		};
/* End PBXSourcesBuildPhase section */

/* Begin PBXVariantGroup section */
		9A6C2B1925AECF5300D8FDCA /* Main.storyboard */ = {
			isa = PBXVariantGroup;
			children = (
				9A6C2B1A25AECF5300D8FDCA /* Base */,
			);
			name = Main.storyboard;
			sourceTree = "<group>";
		};
		9A6C2B1E25AECF5600D8FDCA /* LaunchScreen.storyboard */ = {
			isa = PBXVariantGroup;
			children = (
				9A6C2B1F25AECF5600D8FDCA /* Base */,
			);
			name = LaunchScreen.storyboard;
			sourceTree = "<group>";
		};
/* End PBXVariantGroup section */

/* Begin XCBuildConfiguration section */
		9A6C2B2225AECF5600D8FDCA /* Debug */ = {
			isa = XCBuildConfiguration;
			buildSettings = {
				ALWAYS_SEARCH_USER_PATHS = NO;
				CLANG_ANALYZER_NONNULL = YES;
				CLANG_ANALYZER_NUMBER_OBJECT_CONVERSION = YES_AGGRESSIVE;
				CLANG_CXX_LANGUAGE_STANDARD = "gnu++14";
				CLANG_CXX_LIBRARY = "libc++";
				CLANG_ENABLE_MODULES = YES;
				CLANG_ENABLE_OBJC_ARC = YES;
				CLANG_ENABLE_OBJC_WEAK = YES;
				CLANG_WARN_BLOCK_CAPTURE_AUTORELEASING = YES;
				CLANG_WARN_BOOL_CONVERSION = YES;
				CLANG_WARN_COMMA = YES;
				CLANG_WARN_CONSTANT_CONVERSION = YES;
				CLANG_WARN_DEPRECATED_OBJC_IMPLEMENTATIONS = YES;
				CLANG_WARN_DIRECT_OBJC_ISA_USAGE = YES_ERROR;
				CLANG_WARN_DOCUMENTATION_COMMENTS = YES;
				CLANG_WARN_EMPTY_BODY = YES;
				CLANG_WARN_ENUM_CONVERSION = YES;
				CLANG_WARN_INFINITE_RECURSION = YES;
				CLANG_WARN_INT_CONVERSION = YES;
				CLANG_WARN_NON_LITERAL_NULL_CONVERSION = YES;
				CLANG_WARN_OBJC_IMPLICIT_RETAIN_SELF = YES;
				CLANG_WARN_OBJC_LITERAL_CONVERSION = YES;
				CLANG_WARN_OBJC_ROOT_CLASS = YES_ERROR;
				CLANG_WARN_QUOTED_INCLUDE_IN_FRAMEWORK_HEADER = YES;
				CLANG_WARN_RANGE_LOOP_ANALYSIS = YES;
				CLANG_WARN_STRICT_PROTOTYPES = YES;
				CLANG_WARN_SUSPICIOUS_MOVE = YES;
				CLANG_WARN_UNGUARDED_AVAILABILITY = YES_AGGRESSIVE;
				CLANG_WARN_UNREACHABLE_CODE = YES;
				CLANG_WARN__DUPLICATE_METHOD_MATCH = YES;
				COPY_PHASE_STRIP = NO;
				DEBUG_INFORMATION_FORMAT = dwarf;
				ENABLE_STRICT_OBJC_MSGSEND = YES;
				ENABLE_TESTABILITY = YES;
				GCC_C_LANGUAGE_STANDARD = gnu11;
				GCC_DYNAMIC_NO_PIC = NO;
				GCC_NO_COMMON_BLOCKS = YES;
				GCC_OPTIMIZATION_LEVEL = 0;
				GCC_PREPROCESSOR_DEFINITIONS = (
					"DEBUG=1",
					"$(inherited)",
				);
				GCC_WARN_64_TO_32_BIT_CONVERSION = YES;
				GCC_WARN_ABOUT_RETURN_TYPE = YES_ERROR;
				GCC_WARN_UNDECLARED_SELECTOR = YES;
				GCC_WARN_UNINITIALIZED_AUTOS = YES_AGGRESSIVE;
				GCC_WARN_UNUSED_FUNCTION = YES;
				GCC_WARN_UNUSED_VARIABLE = YES;
				IPHONEOS_DEPLOYMENT_TARGET = 14.3;
				MTL_ENABLE_DEBUG_INFO = INCLUDE_SOURCE;
				MTL_FAST_MATH = YES;
				ONLY_ACTIVE_ARCH = YES;
				SDKROOT = iphoneos;
				SWIFT_ACTIVE_COMPILATION_CONDITIONS = DEBUG;
				SWIFT_OPTIMIZATION_LEVEL = "-Onone";
			};
			name = Debug;
		};
		9A6C2B2325AECF5600D8FDCA /* Release */ = {
			isa = XCBuildConfiguration;
			buildSettings = {
				ALWAYS_SEARCH_USER_PATHS = NO;
				CLANG_ANALYZER_NONNULL = YES;
				CLANG_ANALYZER_NUMBER_OBJECT_CONVERSION = YES_AGGRESSIVE;
				CLANG_CXX_LANGUAGE_STANDARD = "gnu++14";
				CLANG_CXX_LIBRARY = "libc++";
				CLANG_ENABLE_MODULES = YES;
				CLANG_ENABLE_OBJC_ARC = YES;
				CLANG_ENABLE_OBJC_WEAK = YES;
				CLANG_WARN_BLOCK_CAPTURE_AUTORELEASING = YES;
				CLANG_WARN_BOOL_CONVERSION = YES;
				CLANG_WARN_COMMA = YES;
				CLANG_WARN_CONSTANT_CONVERSION = YES;
				CLANG_WARN_DEPRECATED_OBJC_IMPLEMENTATIONS = YES;
				CLANG_WARN_DIRECT_OBJC_ISA_USAGE = YES_ERROR;
				CLANG_WARN_DOCUMENTATION_COMMENTS = YES;
				CLANG_WARN_EMPTY_BODY = YES;
				CLANG_WARN_ENUM_CONVERSION = YES;
				CLANG_WARN_INFINITE_RECURSION = YES;
				CLANG_WARN_INT_CONVERSION = YES;
				CLANG_WARN_NON_LITERAL_NULL_CONVERSION = YES;
				CLANG_WARN_OBJC_IMPLICIT_RETAIN_SELF = YES;
				CLANG_WARN_OBJC_LITERAL_CONVERSION = YES;
				CLANG_WARN_OBJC_ROOT_CLASS = YES_ERROR;
				CLANG_WARN_QUOTED_INCLUDE_IN_FRAMEWORK_HEADER = YES;
				CLANG_WARN_RANGE_LOOP_ANALYSIS = YES;
				CLANG_WARN_STRICT_PROTOTYPES = YES;
				CLANG_WARN_SUSPICIOUS_MOVE = YES;
				CLANG_WARN_UNGUARDED_AVAILABILITY = YES_AGGRESSIVE;
				CLANG_WARN_UNREACHABLE_CODE = YES;
				CLANG_WARN__DUPLICATE_METHOD_MATCH = YES;
				COPY_PHASE_STRIP = NO;
				DEBUG_INFORMATION_FORMAT = "dwarf-with-dsym";
				ENABLE_NS_ASSERTIONS = NO;
				ENABLE_STRICT_OBJC_MSGSEND = YES;
				GCC_C_LANGUAGE_STANDARD = gnu11;
				GCC_NO_COMMON_BLOCKS = YES;
				GCC_WARN_64_TO_32_BIT_CONVERSION = YES;
				GCC_WARN_ABOUT_RETURN_TYPE = YES_ERROR;
				GCC_WARN_UNDECLARED_SELECTOR = YES;
				GCC_WARN_UNINITIALIZED_AUTOS = YES_AGGRESSIVE;
				GCC_WARN_UNUSED_FUNCTION = YES;
				GCC_WARN_UNUSED_VARIABLE = YES;
				IPHONEOS_DEPLOYMENT_TARGET = 14.3;
				MTL_ENABLE_DEBUG_INFO = NO;
				MTL_FAST_MATH = YES;
				SDKROOT = iphoneos;
				SWIFT_COMPILATION_MODE = wholemodule;
				SWIFT_OPTIMIZATION_LEVEL = "-O";
				VALIDATE_PRODUCT = YES;
			};
			name = Release;
		};
		9A6C2B2525AECF5600D8FDCA /* Debug */ = {
			isa = XCBuildConfiguration;
			buildSettings = {
				ASSETCATALOG_COMPILER_APPICON_NAME = AppIcon;
				ASSETCATALOG_COMPILER_GLOBAL_ACCENT_COLOR_NAME = AccentColor;
				CODE_SIGN_STYLE = Automatic;
				DEVELOPMENT_TEAM = TW8N4GDDEL;
				INFOPLIST_FILE = "LeetCode石子游戏 VI/Info.plist";
				LD_RUNPATH_SEARCH_PATHS = (
					"$(inherited)",
					"@executable_path/Frameworks",
				);
				PRODUCT_BUNDLE_IDENTIFIER = "Young.LeetCode-----VI";
				PRODUCT_NAME = "$(TARGET_NAME)";
				SWIFT_VERSION = 5.0;
				TARGETED_DEVICE_FAMILY = "1,2";
			};
			name = Debug;
		};
		9A6C2B2625AECF5600D8FDCA /* Release */ = {
			isa = XCBuildConfiguration;
			buildSettings = {
				ASSETCATALOG_COMPILER_APPICON_NAME = AppIcon;
				ASSETCATALOG_COMPILER_GLOBAL_ACCENT_COLOR_NAME = AccentColor;
				CODE_SIGN_STYLE = Automatic;
				DEVELOPMENT_TEAM = TW8N4GDDEL;
				INFOPLIST_FILE = "LeetCode石子游戏 VI/Info.plist";
				LD_RUNPATH_SEARCH_PATHS = (
					"$(inherited)",
					"@executable_path/Frameworks",
				);
				PRODUCT_BUNDLE_IDENTIFIER = "Young.LeetCode-----VI";
				PRODUCT_NAME = "$(TARGET_NAME)";
				SWIFT_VERSION = 5.0;
				TARGETED_DEVICE_FAMILY = "1,2";
			};
			name = Release;
		};
/* End XCBuildConfiguration section */

/* Begin XCConfigurationList section */
		9A6C2B0B25AECF5200D8FDCA /* Build configuration list for PBXProject "LeetCode石子游戏 VI" */ = {
			isa = XCConfigurationList;
			buildConfigurations = (
				9A6C2B2225AECF5600D8FDCA /* Debug */,
				9A6C2B2325AECF5600D8FDCA /* Release */,
			);
			defaultConfigurationIsVisible = 0;
			defaultConfigurationName = Release;
		};
		9A6C2B2425AECF5600D8FDCA /* Build configuration list for PBXNativeTarget "LeetCode石子游戏 VI" */ = {
			isa = XCConfigurationList;
			buildConfigurations = (
				9A6C2B2525AECF5600D8FDCA /* Debug */,
				9A6C2B2625AECF5600D8FDCA /* Release */,
			);
			defaultConfigurationIsVisible = 0;
			defaultConfigurationName = Release;
		};
/* End XCConfigurationList section */
	};
	rootObject = 9A6C2B0825AECF5200D8FDCA /* Project object */;
}
